
Microsoft Visual Studio Solution File, Format Version 12.00
# Visual Studio 15
VisualStudioVersion = 15.0.28010.2041
MinimumVisualStudioVersion = 10.0.40219.1
Project("{2150E333-8FDC-42A3-9474-1A3956D46DE8}") = "src", "src", "{1A691A6C-6E55-4850-90D0-0764FCE169CC}"
EndProject
Project("{2150E333-8FDC-42A3-9474-1A3956D46DE8}") = "tests", "tests", "{7276AE75-3AD3-4D7B-9253-99CB2163BCB1}"
EndProject
Project("{9A19103F-16F7-4668-BE54-9A1E7A4F7556}") = "DocsVision.Monitoring", "src\DocsVision.Monitoring\DocsVision.Monitoring.csproj", "{D9781340-CFC1-44CF-AB23-E9B16596F817}"
EndProject
Project("{9A19103F-16F7-4668-BE54-9A1E7A4F7556}") = "DocsVision.Monitoring.DataModel", "src\DocsVision.Monitoring.DataModel\DocsVision.Monitoring.DataModel.csproj", "{B24E671D-0C71-4DBF-B821-637049A82611}"
EndProject
Project("{9A19103F-16F7-4668-BE54-9A1E7A4F7556}") = "DocsVision.Monitoring.DataModel.Framework", "src\DocsVision.Monitoring.DataModel.Framework\DocsVision.Monitoring.DataModel.Framework.csproj", "{C898B879-DA20-4380-8DA9-D9E7747220D7}"
EndProject
Project("{9A19103F-16F7-4668-BE54-9A1E7A4F7556}") = "DocsVision.Monitoring.Models", "src\DocsVision.Monitoring.Models\DocsVision.Monitoring.Models.csproj", "{815EB101-6DF9-4324-AA26-89119DC684BE}"
EndProject
Project("{9A19103F-16F7-4668-BE54-9A1E7A4F7556}") = "DocsVision.Monitoring.Services", "src\DocsVision.Monitoring.Services\DocsVision.Monitoring.Services.csproj", "{AE876E6D-AB46-4EA1-8A69-C2497D5F6106}"
EndProject
Project("{9A19103F-16F7-4668-BE54-9A1E7A4F7556}") = "DocsVision.Monitoring.DataModel.Framework.Tests", "tests\DocsVision.Monitoring.DataModel.Framework.Tests\DocsVision.Monitoring.DataModel.Framework.Tests.csproj", "{FAFC7718-D232-4BA5-8486-B30788CED2FE}"
EndProject
Project("{FAE04EC0-301F-11D3-BF4B-00C04F79EFBC}") = "DocsVision.Monitoring.Services.Tests", "tests\DocsVision.Monitoring.Services.Tests\DocsVision.Monitoring.Services.Tests.csproj", "{F5122DB7-0B08-49E5-B5FE-052CC8EAEE4C}"
EndProject
Project("{FAE04EC0-301F-11D3-BF4B-00C04F79EFBC}") = "DocsVision.Monitoring.Tests.Common", "tests\DocsVision.Monitoring.Tests.Common\DocsVision.Monitoring.Tests.Common.csproj", "{0D0A22B7-7A9D-43D1-BB8D-2CF6122A657B}"
EndProject
Global
	GlobalSection(SolutionConfigurationPlatforms) = preSolution
		Debug|Any CPU = Debug|Any CPU
		Release|Any CPU = Release|Any CPU
	EndGlobalSection
	GlobalSection(ProjectConfigurationPlatforms) = postSolution
		{D9781340-CFC1-44CF-AB23-E9B16596F817}.Debug|Any CPU.ActiveCfg = Debug|Any CPU
		{D9781340-CFC1-44CF-AB23-E9B16596F817}.Debug|Any CPU.Build.0 = Debug|Any CPU
		{D9781340-CFC1-44CF-AB23-E9B16596F817}.Release|Any CPU.ActiveCfg = Release|Any CPU
		{D9781340-CFC1-44CF-AB23-E9B16596F817}.Release|Any CPU.Build.0 = Release|Any CPU
		{B24E671D-0C71-4DBF-B821-637049A82611}.Debug|Any CPU.ActiveCfg = Debug|Any CPU
		{B24E671D-0C71-4DBF-B821-637049A82611}.Debug|Any CPU.Build.0 = Debug|Any CPU
		{B24E671D-0C71-4DBF-B821-637049A82611}.Release|Any CPU.ActiveCfg = Release|Any CPU
		{B24E671D-0C71-4DBF-B821-637049A82611}.Release|Any CPU.Build.0 = Release|Any CPU
		{C898B879-DA20-4380-8DA9-D9E7747220D7}.Debug|Any CPU.ActiveCfg = Debug|Any CPU
		{C898B879-DA20-4380-8DA9-D9E7747220D7}.Debug|Any CPU.Build.0 = Debug|Any CPU
		{C898B879-DA20-4380-8DA9-D9E7747220D7}.Release|Any CPU.ActiveCfg = Release|Any CPU
		{C898B879-DA20-4380-8DA9-D9E7747220D7}.Release|Any CPU.Build.0 = Release|Any CPU
		{815EB101-6DF9-4324-AA26-89119DC684BE}.Debug|Any CPU.ActiveCfg = Debug|Any CPU
		{815EB101-6DF9-4324-AA26-89119DC684BE}.Debug|Any CPU.Build.0 = Debug|Any CPU
		{815EB101-6DF9-4324-AA26-89119DC684BE}.Release|Any CPU.ActiveCfg = Release|Any CPU
		{815EB101-6DF9-4324-AA26-89119DC684BE}.Release|Any CPU.Build.0 = Release|Any CPU
		{AE876E6D-AB46-4EA1-8A69-C2497D5F6106}.Debug|Any CPU.ActiveCfg = Debug|Any CPU
		{AE876E6D-AB46-4EA1-8A69-C2497D5F6106}.Debug|Any CPU.Build.0 = Debug|Any CPU
		{AE876E6D-AB46-4EA1-8A69-C2497D5F6106}.Release|Any CPU.ActiveCfg = Release|Any CPU
		{AE876E6D-AB46-4EA1-8A69-C2497D5F6106}.Release|Any CPU.Build.0 = Release|Any CPU
		{FAFC7718-D232-4BA5-8486-B30788CED2FE}.Debug|Any CPU.ActiveCfg = Debug|Any CPU
		{FAFC7718-D232-4BA5-8486-B30788CED2FE}.Debug|Any CPU.Build.0 = Debug|Any CPU
		{FAFC7718-D232-4BA5-8486-B30788CED2FE}.Release|Any CPU.ActiveCfg = Release|Any CPU
		{FAFC7718-D232-4BA5-8486-B30788CED2FE}.Release|Any CPU.Build.0 = Release|Any CPU
		{F5122DB7-0B08-49E5-B5FE-052CC8EAEE4C}.Debug|Any CPU.ActiveCfg = Debug|Any CPU
		{F5122DB7-0B08-49E5-B5FE-052CC8EAEE4C}.Debug|Any CPU.Build.0 = Debug|Any CPU
		{F5122DB7-0B08-49E5-B5FE-052CC8EAEE4C}.Release|Any CPU.ActiveCfg = Release|Any CPU
		{F5122DB7-0B08-49E5-B5FE-052CC8EAEE4C}.Release|Any CPU.Build.0 = Release|Any CPU
		{0D0A22B7-7A9D-43D1-BB8D-2CF6122A657B}.Debug|Any CPU.ActiveCfg = Debug|Any CPU
		{0D0A22B7-7A9D-43D1-BB8D-2CF6122A657B}.Debug|Any CPU.Build.0 = Debug|Any CPU
		{0D0A22B7-7A9D-43D1-BB8D-2CF6122A657B}.Release|Any CPU.ActiveCfg = Release|Any CPU
		{0D0A22B7-7A9D-43D1-BB8D-2CF6122A657B}.Release|Any CPU.Build.0 = Release|Any CPU
	EndGlobalSection
	GlobalSection(SolutionProperties) = preSolution
		HideSolutionNode = FALSE
	EndGlobalSection
	GlobalSection(NestedProjects) = preSolution
		{D9781340-CFC1-44CF-AB23-E9B16596F817} = {1A691A6C-6E55-4850-90D0-0764FCE169CC}
		{B24E671D-0C71-4DBF-B821-637049A82611} = {1A691A6C-6E55-4850-90D0-0764FCE169CC}
		{C898B879-DA20-4380-8DA9-D9E7747220D7} = {1A691A6C-6E55-4850-90D0-0764FCE169CC}
		{815EB101-6DF9-4324-AA26-89119DC684BE} = {1A691A6C-6E55-4850-90D0-0764FCE169CC}
		{AE876E6D-AB46-4EA1-8A69-C2497D5F6106} = {1A691A6C-6E55-4850-90D0-0764FCE169CC}
		{FAFC7718-D232-4BA5-8486-B30788CED2FE} = {7276AE75-3AD3-4D7B-9253-99CB2163BCB1}
		{F5122DB7-0B08-49E5-B5FE-052CC8EAEE4C} = {7276AE75-3AD3-4D7B-9253-99CB2163BCB1}
		{0D0A22B7-7A9D-43D1-BB8D-2CF6122A657B} = {7276AE75-3AD3-4D7B-9253-99CB2163BCB1}
	EndGlobalSection
	GlobalSection(ExtensibilityGlobals) = postSolution
		SolutionGuid = {C1AB6AED-7251-4723-B84F-200BB09584D2}
	EndGlobalSection
EndGlobal
